
Microsoft Visual Studio Solution File, Format Version 12.00
# Visual Studio 15
VisualStudioVersion = 15.0.27130.2010
MinimumVisualStudioVersion = 10.0.40219.1
Project("{8BC9CEB8-8B4A-11D0-8D11-00A0C91BC942}") = "Funct-Lambda_Funct", "Funct-Lambda_Funct\Funct-Lambda_Funct.vcxproj", "{0AFBF8A9-8EB5-40CF-9666-6F278F7ED359}"
EndProject
Global
	GlobalSection(SolutionConfigurationPlatforms) = preSolution
		Debug|x64 = Debug|x64
		Debug|x86 = Debug|x86
		Release|x64 = Release|x64
		Release|x86 = Release|x86
	EndGlobalSection
	GlobalSection(ProjectConfigurationPlatforms) = postSolution
		{0AFBF8A9-8EB5-40CF-9666-6F278F7ED359}.Debug|x64.ActiveCfg = Debug|x64
		{0AFBF8A9-8EB5-40CF-9666-6F278F7ED359}.Debug|x64.Build.0 = Debug|x64
		{0AFBF8A9-8EB5-40CF-9666-6F278F7ED359}.Debug|x86.ActiveCfg = Debug|Win32
		{0AFBF8A9-8EB5-40CF-9666-6F278F7ED359}.Debug|x86.Build.0 = Debug|Win32
		{0AFBF8A9-8EB5-40CF-9666-6F278F7ED359}.Release|x64.ActiveCfg = Release|x64
		{0AFBF8A9-8EB5-40CF-9666-6F278F7ED359}.Release|x64.Build.0 = Release|x64
		{0AFBF8A9-8EB5-40CF-9666-6F278F7ED359}.Release|x86.ActiveCfg = Release|Win32
		{0AFBF8A9-8EB5-40CF-9666-6F278F7ED359}.Release|x86.Build.0 = Release|Win32
	EndGlobalSection
	GlobalSection(SolutionProperties) = preSolution
		HideSolutionNode = FALSE
	EndGlobalSection
	GlobalSection(ExtensibilityGlobals) = postSolution
		SolutionGuid = {94EC7F22-C6B0-4826-8BE8-D8C3A81A0CAC}
	EndGlobalSection
EndGlobal
